
Microsoft Visual Studio Solution File, Format Version 12.00
# Visual Studio Version 17
VisualStudioVersion = 17.0.32126.317
MinimumVisualStudioVersion = 10.0.40219.1
Project("{FAE04EC0-301F-11D3-BF4B-00C04F79EFBC}") = "RunNotepad", "RunNotepad\RunNotepad.csproj", "{343B8476-3E05-44B4-ADD4-AA9A7314AA49}"
EndProject
Project("{2150E333-8FDC-42A3-9474-1A3956D46DE8}") = "Solution Items", "Solution Items", "{3B6C5D82-1B70-428C-ACB1-97056BDDE2FD}"
	ProjectSection(SolutionItems) = preProject
		.editorconfig = .editorconfig
	EndProjectSection
EndProject
Global
	GlobalSection(SolutionConfigurationPlatforms) = preSolution
		Debug|Any CPU = Debug|Any CPU
		Release|Any CPU = Release|Any CPU
	EndGlobalSection
	GlobalSection(ProjectConfigurationPlatforms) = postSolution
		{343B8476-3E05-44B4-ADD4-AA9A7314AA49}.Debug|Any CPU.ActiveCfg = Debug|Any CPU
		{343B8476-3E05-44B4-ADD4-AA9A7314AA49}.Debug|Any CPU.Build.0 = Debug|Any CPU
		{343B8476-3E05-44B4-ADD4-AA9A7314AA49}.Release|Any CPU.ActiveCfg = Release|Any CPU
		{343B8476-3E05-44B4-ADD4-AA9A7314AA49}.Release|Any CPU.Build.0 = Release|Any CPU
	EndGlobalSection
	GlobalSection(SolutionProperties) = preSolution
		HideSolutionNode = FALSE
	EndGlobalSection
	GlobalSection(ExtensibilityGlobals) = postSolution
		SolutionGuid = {8D271329-9FB3-4056-9765-5ED63852EEE4}
	EndGlobalSection
EndGlobal
